// !$*UTF8*$!
{
	archiveVersion = 1;
	classes = {
	};
	objectVersion = 50;
	objects = {

/* Begin PBXBuildFile section */
		B79CA2A924D8533600BA5158 /* AppDelegate.swift in Sources */ = {isa = PBXBuildFile; fileRef = B79CA2A824D8533600BA5158 /* AppDelegate.swift */; };
		B79CA2AB24D8533600BA5158 /* SceneDelegate.swift in Sources */ = {isa = PBXBuildFile; fileRef = B79CA2AA24D8533600BA5158 /* SceneDelegate.swift */; };
		B79CA2AD24D8533600BA5158 /* ViewController.swift in Sources */ = {isa = PBXBuildFile; fileRef = B79CA2AC24D8533600BA5158 /* ViewController.swift */; };
		B79CA2B024D8533700BA5158 /* Main.storyboard in Resources */ = {isa = PBXBuildFile; fileRef = B79CA2AE24D8533700BA5158 /* Main.storyboard */; };
		B79CA2B224D8533B00BA5158 /* Assets.xcassets in Resources */ = {isa = PBXBuildFile; fileRef = B79CA2B124D8533B00BA5158 /* Assets.xcassets */; };
		B79CA2B524D8533B00BA5158 /* LaunchScreen.storyboard in Resources */ = {isa = PBXBuildFile; fileRef = B79CA2B324D8533B00BA5158 /* LaunchScreen.storyboard */; };
		B79CA2BD24D8537B00BA5158 /* presidents.json in Resources */ = {isa = PBXBuildFile; fileRef = B79CA2BC24D8537B00BA5158 /* presidents.json */; };
		B79CA2BF24D8540300BA5158 /* President.swift in Sources */ = {isa = PBXBuildFile; fileRef = B79CA2BE24D8540300BA5158 /* President.swift */; };
		B79CA2C724D8556900BA5158 /* Parsing_JSON_Using_BundleTests.swift in Sources */ = {isa = PBXBuildFile; fileRef = B79CA2C624D8556900BA5158 /* Parsing_JSON_Using_BundleTests.swift */; };
		B79CA2CF24D8581700BA5158 /* Bundle+ParsingJSON.swift in Sources */ = {isa = PBXBuildFile; fileRef = B79CA2CE24D8581700BA5158 /* Bundle+ParsingJSON.swift */; };
/* End PBXBuildFile section */

/* Begin PBXContainerItemProxy section */
		B79CA2C924D8556900BA5158 /* PBXContainerItemProxy */ = {
			isa = PBXContainerItemProxy;
			containerPortal = B79CA29D24D8533600BA5158 /* Project object */;
			proxyType = 1;
			remoteGlobalIDString = B79CA2A424D8533600BA5158;
			remoteInfo = "Parsing-JSON-Using-Bundle";
		};
/* End PBXContainerItemProxy section */

/* Begin PBXFileReference section */
		B79CA2A524D8533600BA5158 /* Parsing-JSON-Using-Bundle.app */ = {isa = PBXFileReference; explicitFileType = wrapper.application; includeInIndex = 0; path = "Parsing-JSON-Using-Bundle.app"; sourceTree = BUILT_PRODUCTS_DIR; };
		B79CA2A824D8533600BA5158 /* AppDelegate.swift */ = {isa = PBXFileReference; lastKnownFileType = sourcecode.swift; path = AppDelegate.swift; sourceTree = "<group>"; };
		B79CA2AA24D8533600BA5158 /* SceneDelegate.swift */ = {isa = PBXFileReference; lastKnownFileType = sourcecode.swift; path = SceneDelegate.swift; sourceTree = "<group>"; };
		B79CA2AC24D8533600BA5158 /* ViewController.swift */ = {isa = PBXFileReference; lastKnownFileType = sourcecode.swift; path = ViewController.swift; sourceTree = "<group>"; };
		B79CA2AF24D8533700BA5158 /* Base */ = {isa = PBXFileReference; lastKnownFileType = file.storyboard; name = Base; path = Base.lproj/Main.storyboard; sourceTree = "<group>"; };
		B79CA2B124D8533B00BA5158 /* Assets.xcassets */ = {isa = PBXFileReference; lastKnownFileType = folder.assetcatalog; path = Assets.xcassets; sourceTree = "<group>"; };
		B79CA2B424D8533B00BA5158 /* Base */ = {isa = PBXFileReference; lastKnownFileType = file.storyboard; name = Base; path = Base.lproj/LaunchScreen.storyboard; sourceTree = "<group>"; };
		B79CA2B624D8533B00BA5158 /* Info.plist */ = {isa = PBXFileReference; lastKnownFileType = text.plist.xml; path = Info.plist; sourceTree = "<group>"; };
		B79CA2BC24D8537B00BA5158 /* presidents.json */ = {isa = PBXFileReference; lastKnownFileType = text.json; path = presidents.json; sourceTree = "<group>"; };
		B79CA2BE24D8540300BA5158 /* President.swift */ = {isa = PBXFileReference; lastKnownFileType = sourcecode.swift; path = President.swift; sourceTree = "<group>"; };
		B79CA2C424D8556900BA5158 /* Parsing-JSON-Using-BundleTests.xctest */ = {isa = PBXFileReference; explicitFileType = wrapper.cfbundle; includeInIndex = 0; path = "Parsing-JSON-Using-BundleTests.xctest"; sourceTree = BUILT_PRODUCTS_DIR; };
		B79CA2C624D8556900BA5158 /* Parsing_JSON_Using_BundleTests.swift */ = {isa = PBXFileReference; lastKnownFileType = sourcecode.swift; path = Parsing_JSON_Using_BundleTests.swift; sourceTree = "<group>"; };
		B79CA2C824D8556900BA5158 /* Info.plist */ = {isa = PBXFileReference; lastKnownFileType = text.plist.xml; path = Info.plist; sourceTree = "<group>"; };
		B79CA2CE24D8581700BA5158 /* Bundle+ParsingJSON.swift */ = {isa = PBXFileReference; lastKnownFileType = sourcecode.swift; path = "Bundle+ParsingJSON.swift"; sourceTree = "<group>"; };
/* End PBXFileReference section */

/* Begin PBXFrameworksBuildPhase section */
		B79CA2A224D8533600BA5158 /* Frameworks */ = {
			isa = PBXFrameworksBuildPhase;
			buildActionMask = 2147483647;
			files = (
			);
			runOnlyForDeploymentPostprocessing = 0;
		};
		B79CA2C124D8556900BA5158 /* Frameworks */ = {
			isa = PBXFrameworksBuildPhase;
			buildActionMask = 2147483647;
			files = (
			);
			runOnlyForDeploymentPostprocessing = 0;
		};
/* End PBXFrameworksBuildPhase section */

/* Begin PBXGroup section */
		B79CA29C24D8533600BA5158 = {
			isa = PBXGroup;
			children = (
				B79CA2A724D8533600BA5158 /* Parsing-JSON-Using-Bundle */,
				B79CA2C524D8556900BA5158 /* Parsing-JSON-Using-BundleTests */,
				B79CA2A624D8533600BA5158 /* Products */,
			);
			sourceTree = "<group>";
		};
		B79CA2A624D8533600BA5158 /* Products */ = {
			isa = PBXGroup;
			children = (
				B79CA2A524D8533600BA5158 /* Parsing-JSON-Using-Bundle.app */,
				B79CA2C424D8556900BA5158 /* Parsing-JSON-Using-BundleTests.xctest */,
			);
			name = Products;
			sourceTree = "<group>";
		};
		B79CA2A724D8533600BA5158 /* Parsing-JSON-Using-Bundle */ = {
			isa = PBXGroup;
			children = (
				B79CA2A824D8533600BA5158 /* AppDelegate.swift */,
				B79CA2AA24D8533600BA5158 /* SceneDelegate.swift */,
				B79CA2AC24D8533600BA5158 /* ViewController.swift */,
				B79CA2BC24D8537B00BA5158 /* presidents.json */,
				B79CA2BE24D8540300BA5158 /* President.swift */,
				B79CA2CE24D8581700BA5158 /* Bundle+ParsingJSON.swift */,
				B79CA2AE24D8533700BA5158 /* Main.storyboard */,
				B79CA2B124D8533B00BA5158 /* Assets.xcassets */,
				B79CA2B324D8533B00BA5158 /* LaunchScreen.storyboard */,
				B79CA2B624D8533B00BA5158 /* Info.plist */,
			);
			path = "Parsing-JSON-Using-Bundle";
			sourceTree = "<group>";
		};
		B79CA2C524D8556900BA5158 /* Parsing-JSON-Using-BundleTests */ = {
			isa = PBXGroup;
			children = (
				B79CA2C624D8556900BA5158 /* Parsing_JSON_Using_BundleTests.swift */,
				B79CA2C824D8556900BA5158 /* Info.plist */,
			);
			path = "Parsing-JSON-Using-BundleTests";
			sourceTree = "<group>";
		};
/* End PBXGroup section */

/* Begin PBXNativeTarget section */
		B79CA2A424D8533600BA5158 /* Parsing-JSON-Using-Bundle */ = {
			isa = PBXNativeTarget;
			buildConfigurationList = B79CA2B924D8533B00BA5158 /* Build configuration list for PBXNativeTarget "Parsing-JSON-Using-Bundle" */;
			buildPhases = (
				B79CA2A124D8533600BA5158 /* Sources */,
				B79CA2A224D8533600BA5158 /* Frameworks */,
				B79CA2A324D8533600BA5158 /* Resources */,
			);
			buildRules = (
			);
			dependencies = (
			);
			name = "Parsing-JSON-Using-Bundle";
			productName = "Parsing-JSON-Using-Bundle";
			productReference = B79CA2A524D8533600BA5158 /* Parsing-JSON-Using-Bundle.app */;
			productType = "com.apple.product-type.application";
		};
		B79CA2C324D8556900BA5158 /* Parsing-JSON-Using-BundleTests */ = {
			isa = PBXNativeTarget;
			buildConfigurationList = B79CA2CB24D8556900BA5158 /* Build configuration list for PBXNativeTarget "Parsing-JSON-Using-BundleTests" */;
			buildPhases = (
				B79CA2C024D8556900BA5158 /* Sources */,
				B79CA2C124D8556900BA5158 /* Frameworks */,
				B79CA2C224D8556900BA5158 /* Resources */,
			);
			buildRules = (
			);
			dependencies = (
				B79CA2CA24D8556900BA5158 /* PBXTargetDependency */,
			);
			name = "Parsing-JSON-Using-BundleTests";
			productName = "Parsing-JSON-Using-BundleTests";
			productReference = B79CA2C424D8556900BA5158 /* Parsing-JSON-Using-BundleTests.xctest */;
			productType = "com.apple.product-type.bundle.unit-test";
		};
/* End PBXNativeTarget section */

/* Begin PBXProject section */
		B79CA29D24D8533600BA5158 /* Project object */ = {
			isa = PBXProject;
			attributes = {
				LastSwiftUpdateCheck = 1140;
				LastUpgradeCheck = 1140;
				ORGANIZATIONNAME = "Amy Alsaydi";
				TargetAttributes = {
					B79CA2A424D8533600BA5158 = {
						CreatedOnToolsVersion = 11.4.1;
					};
					B79CA2C324D8556900BA5158 = {
						CreatedOnToolsVersion = 11.4.1;
						TestTargetID = B79CA2A424D8533600BA5158;
					};
				};
			};
			buildConfigurationList = B79CA2A024D8533600BA5158 /* Build configuration list for PBXProject "Parsing-JSON-Using-Bundle" */;
			compatibilityVersion = "Xcode 9.3";
			developmentRegion = en;
			hasScannedForEncodings = 0;
			knownRegions = (
				en,
				Base,
			);
			mainGroup = B79CA29C24D8533600BA5158;
			productRefGroup = B79CA2A624D8533600BA5158 /* Products */;
			projectDirPath = "";
			projectRoot = "";
			targets = (
				B79CA2A424D8533600BA5158 /* Parsing-JSON-Using-Bundle */,
				B79CA2C324D8556900BA5158 /* Parsing-JSON-Using-BundleTests */,
			);
		};
/* End PBXProject section */

/* Begin PBXResourcesBuildPhase section */
		B79CA2A324D8533600BA5158 /* Resources */ = {
			isa = PBXResourcesBuildPhase;
			buildActionMask = 2147483647;
			files = (
				B79CA2BD24D8537B00BA5158 /* presidents.json in Resources */,
				B79CA2B524D8533B00BA5158 /* LaunchScreen.storyboard in Resources */,
				B79CA2B224D8533B00BA5158 /* Assets.xcassets in Resources */,
				B79CA2B024D8533700BA5158 /* Main.storyboard in Resources */,
			);
			runOnlyForDeploymentPostprocessing = 0;
		};
		B79CA2C224D8556900BA5158 /* Resources */ = {
			isa = PBXResourcesBuildPhase;
			buildActionMask = 2147483647;
			files = (
			);
			runOnlyForDeploymentPostprocessing = 0;
		};
/* End PBXResourcesBuildPhase section */

/* Begin PBXSourcesBuildPhase section */
		B79CA2A124D8533600BA5158 /* Sources */ = {
			isa = PBXSourcesBuildPhase;
			buildActionMask = 2147483647;
			files = (
				B79CA2CF24D8581700BA5158 /* Bundle+ParsingJSON.swift in Sources */,
				B79CA2BF24D8540300BA5158 /* President.swift in Sources */,
				B79CA2AD24D8533600BA5158 /* ViewController.swift in Sources */,
				B79CA2A924D8533600BA5158 /* AppDelegate.swift in Sources */,
				B79CA2AB24D8533600BA5158 /* SceneDelegate.swift in Sources */,
			);
			runOnlyForDeploymentPostprocessing = 0;
		};
		B79CA2C024D8556900BA5158 /* Sources */ = {
			isa = PBXSourcesBuildPhase;
			buildActionMask = 2147483647;
			files = (
				B79CA2C724D8556900BA5158 /* Parsing_JSON_Using_BundleTests.swift in Sources */,
			);
			runOnlyForDeploymentPostprocessing = 0;
		};
/* End PBXSourcesBuildPhase section */

/* Begin PBXTargetDependency section */
		B79CA2CA24D8556900BA5158 /* PBXTargetDependency */ = {
			isa = PBXTargetDependency;
			target = B79CA2A424D8533600BA5158 /* Parsing-JSON-Using-Bundle */;
			targetProxy = B79CA2C924D8556900BA5158 /* PBXContainerItemProxy */;
		};
/* End PBXTargetDependency section */

/* Begin PBXVariantGroup section */
		B79CA2AE24D8533700BA5158 /* Main.storyboard */ = {
			isa = PBXVariantGroup;
			children = (
				B79CA2AF24D8533700BA5158 /* Base */,
			);
			name = Main.storyboard;
			sourceTree = "<group>";
		};
		B79CA2B324D8533B00BA5158 /* LaunchScreen.storyboard */ = {
			isa = PBXVariantGroup;
			children = (
				B79CA2B424D8533B00BA5158 /* Base */,
			);
			name = LaunchScreen.storyboard;
			sourceTree = "<group>";
		};
/* End PBXVariantGroup section */

/* Begin XCBuildConfiguration section */
		B79CA2B724D8533B00BA5158 /* Debug */ = {
			isa = XCBuildConfiguration;
			buildSettings = {
				ALWAYS_SEARCH_USER_PATHS = NO;
				CLANG_ANALYZER_NONNULL = YES;
				CLANG_ANALYZER_NUMBER_OBJECT_CONVERSION = YES_AGGRESSIVE;
				CLANG_CXX_LANGUAGE_STANDARD = "gnu++14";
				CLANG_CXX_LIBRARY = "libc++";
				CLANG_ENABLE_MODULES = YES;
				CLANG_ENABLE_OBJC_ARC = YES;
				CLANG_ENABLE_OBJC_WEAK = YES;
				CLANG_WARN_BLOCK_CAPTURE_AUTORELEASING = YES;
				CLANG_WARN_BOOL_CONVERSION = YES;
				CLANG_WARN_COMMA = YES;
				CLANG_WARN_CONSTANT_CONVERSION = YES;
				CLANG_WARN_DEPRECATED_OBJC_IMPLEMENTATIONS = YES;
				CLANG_WARN_DIRECT_OBJC_ISA_USAGE = YES_ERROR;
				CLANG_WARN_DOCUMENTATION_COMMENTS = YES;
				CLANG_WARN_EMPTY_BODY = YES;
				CLANG_WARN_ENUM_CONVERSION = YES;
				CLANG_WARN_INFINITE_RECURSION = YES;
				CLANG_WARN_INT_CONVERSION = YES;
				CLANG_WARN_NON_LITERAL_NULL_CONVERSION = YES;
				CLANG_WARN_OBJC_IMPLICIT_RETAIN_SELF = YES;
				CLANG_WARN_OBJC_LITERAL_CONVERSION = YES;
				CLANG_WARN_OBJC_ROOT_CLASS = YES_ERROR;
				CLANG_WARN_RANGE_LOOP_ANALYSIS = YES;
				CLANG_WARN_STRICT_PROTOTYPES = YES;
				CLANG_WARN_SUSPICIOUS_MOVE = YES;
				CLANG_WARN_UNGUARDED_AVAILABILITY = YES_AGGRESSIVE;
				CLANG_WARN_UNREACHABLE_CODE = YES;
				CLANG_WARN__DUPLICATE_METHOD_MATCH = YES;
				COPY_PHASE_STRIP = NO;
				DEBUG_INFORMATION_FORMAT = dwarf;
				ENABLE_STRICT_OBJC_MSGSEND = YES;
				ENABLE_TESTABILITY = YES;
				GCC_C_LANGUAGE_STANDARD = gnu11;
				GCC_DYNAMIC_NO_PIC = NO;
				GCC_NO_COMMON_BLOCKS = YES;
				GCC_OPTIMIZATION_LEVEL = 0;
				GCC_PREPROCESSOR_DEFINITIONS = (
					"DEBUG=1",
					"$(inherited)",
				);
				GCC_WARN_64_TO_32_BIT_CONVERSION = YES;
				GCC_WARN_ABOUT_RETURN_TYPE = YES_ERROR;
				GCC_WARN_UNDECLARED_SELECTOR = YES;
				GCC_WARN_UNINITIALIZED_AUTOS = YES_AGGRESSIVE;
				GCC_WARN_UNUSED_FUNCTION = YES;
				GCC_WARN_UNUSED_VARIABLE = YES;
				IPHONEOS_DEPLOYMENT_TARGET = 13.4;
				MTL_ENABLE_DEBUG_INFO = INCLUDE_SOURCE;
				MTL_FAST_MATH = YES;
				ONLY_ACTIVE_ARCH = YES;
				SDKROOT = iphoneos;
				SWIFT_ACTIVE_COMPILATION_CONDITIONS = DEBUG;
				SWIFT_OPTIMIZATION_LEVEL = "-Onone";
			};
			name = Debug;
		};
		B79CA2B824D8533B00BA5158 /* Release */ = {
			isa = XCBuildConfiguration;
			buildSettings = {
				ALWAYS_SEARCH_USER_PATHS = NO;
				CLANG_ANALYZER_NONNULL = YES;
				CLANG_ANALYZER_NUMBER_OBJECT_CONVERSION = YES_AGGRESSIVE;
				CLANG_CXX_LANGUAGE_STANDARD = "gnu++14";
				CLANG_CXX_LIBRARY = "libc++";
				CLANG_ENABLE_MODULES = YES;
				CLANG_ENABLE_OBJC_ARC = YES;
				CLANG_ENABLE_OBJC_WEAK = YES;
				CLANG_WARN_BLOCK_CAPTURE_AUTORELEASING = YES;
				CLANG_WARN_BOOL_CONVERSION = YES;
				CLANG_WARN_COMMA = YES;
				CLANG_WARN_CONSTANT_CONVERSION = YES;
				CLANG_WARN_DEPRECATED_OBJC_IMPLEMENTATIONS = YES;
				CLANG_WARN_DIRECT_OBJC_ISA_USAGE = YES_ERROR;
				CLANG_WARN_DOCUMENTATION_COMMENTS = YES;
				CLANG_WARN_EMPTY_BODY = YES;
				CLANG_WARN_ENUM_CONVERSION = YES;
				CLANG_WARN_INFINITE_RECURSION = YES;
				CLANG_WARN_INT_CONVERSION = YES;
				CLANG_WARN_NON_LITERAL_NULL_CONVERSION = YES;
				CLANG_WARN_OBJC_IMPLICIT_RETAIN_SELF = YES;
				CLANG_WARN_OBJC_LITERAL_CONVERSION = YES;
				CLANG_WARN_OBJC_ROOT_CLASS = YES_ERROR;
				CLANG_WARN_RANGE_LOOP_ANALYSIS = YES;
				CLANG_WARN_STRICT_PROTOTYPES = YES;
				CLANG_WARN_SUSPICIOUS_MOVE = YES;
				CLANG_WARN_UNGUARDED_AVAILABILITY = YES_AGGRESSIVE;
				CLANG_WARN_UNREACHABLE_CODE = YES;
				CLANG_WARN__DUPLICATE_METHOD_MATCH = YES;
				COPY_PHASE_STRIP = NO;
				DEBUG_INFORMATION_FORMAT = "dwarf-with-dsym";
				ENABLE_NS_ASSERTIONS = NO;
				ENABLE_STRICT_OBJC_MSGSEND = YES;
				GCC_C_LANGUAGE_STANDARD = gnu11;
				GCC_NO_COMMON_BLOCKS = YES;
				GCC_WARN_64_TO_32_BIT_CONVERSION = YES;
				GCC_WARN_ABOUT_RETURN_TYPE = YES_ERROR;
				GCC_WARN_UNDECLARED_SELECTOR = YES;
				GCC_WARN_UNINITIALIZED_AUTOS = YES_AGGRESSIVE;
				GCC_WARN_UNUSED_FUNCTION = YES;
				GCC_WARN_UNUSED_VARIABLE = YES;
				IPHONEOS_DEPLOYMENT_TARGET = 13.4;
				MTL_ENABLE_DEBUG_INFO = NO;
				MTL_FAST_MATH = YES;
				SDKROOT = iphoneos;
				SWIFT_COMPILATION_MODE = wholemodule;
				SWIFT_OPTIMIZATION_LEVEL = "-O";
				VALIDATE_PRODUCT = YES;
			};
			name = Release;
		};
		B79CA2BA24D8533B00BA5158 /* Debug */ = {
			isa = XCBuildConfiguration;
			buildSettings = {
				ASSETCATALOG_COMPILER_APPICON_NAME = AppIcon;
				CODE_SIGN_STYLE = Automatic;
				DEVELOPMENT_TEAM = WDT827LK75;
				INFOPLIST_FILE = "Parsing-JSON-Using-Bundle/Info.plist";
				LD_RUNPATH_SEARCH_PATHS = (
					"$(inherited)",
					"@executable_path/Frameworks",
				);
				PRODUCT_BUNDLE_IDENTIFIER = "com.Amy.Parsing-JSON-Using-Bundle";
				PRODUCT_NAME = "$(TARGET_NAME)";
				SWIFT_VERSION = 5.0;
				TARGETED_DEVICE_FAMILY = "1,2";
			};
			name = Debug;
		};
		B79CA2BB24D8533B00BA5158 /* Release */ = {
			isa = XCBuildConfiguration;
			buildSettings = {
				ASSETCATALOG_COMPILER_APPICON_NAME = AppIcon;
				CODE_SIGN_STYLE = Automatic;
				DEVELOPMENT_TEAM = WDT827LK75;
				INFOPLIST_FILE = "Parsing-JSON-Using-Bundle/Info.plist";
				LD_RUNPATH_SEARCH_PATHS = (
					"$(inherited)",
					"@executable_path/Frameworks",
				);
				PRODUCT_BUNDLE_IDENTIFIER = "com.Amy.Parsing-JSON-Using-Bundle";
				PRODUCT_NAME = "$(TARGET_NAME)";
				SWIFT_VERSION = 5.0;
				TARGETED_DEVICE_FAMILY = "1,2";
			};
			name = Release;
		};
		B79CA2CC24D8556900BA5158 /* Debug */ = {
			isa = XCBuildConfiguration;
			buildSettings = {
				BUNDLE_LOADER = "$(TEST_HOST)";
				CODE_SIGN_STYLE = Automatic;
				DEVELOPMENT_TEAM = WDT827LK75;
				INFOPLIST_FILE = "Parsing-JSON-Using-BundleTests/Info.plist";
				LD_RUNPATH_SEARCH_PATHS = (
					"$(inherited)",
					"@executable_path/Frameworks",
					"@loader_path/Frameworks",
				);
				PRODUCT_BUNDLE_IDENTIFIER = "com.Amy.Parsing-JSON-Using-BundleTests";
				PRODUCT_NAME = "$(TARGET_NAME)";
				SWIFT_VERSION = 5.0;
				TARGETED_DEVICE_FAMILY = "1,2";
				TEST_HOST = "$(BUILT_PRODUCTS_DIR)/Parsing-JSON-Using-Bundle.app/Parsing-JSON-Using-Bundle";
			};
			name = Debug;
		};
		B79CA2CD24D8556900BA5158 /* Release */ = {
			isa = XCBuildConfiguration;
			buildSettings = {
				BUNDLE_LOADER = "$(TEST_HOST)";
				CODE_SIGN_STYLE = Automatic;
				DEVELOPMENT_TEAM = WDT827LK75;
				INFOPLIST_FILE = "Parsing-JSON-Using-BundleTests/Info.plist";
				LD_RUNPATH_SEARCH_PATHS = (
					"$(inherited)",
					"@executable_path/Frameworks",
					"@loader_path/Frameworks",
				);
				PRODUCT_BUNDLE_IDENTIFIER = "com.Amy.Parsing-JSON-Using-BundleTests";
				PRODUCT_NAME = "$(TARGET_NAME)";
				SWIFT_VERSION = 5.0;
				TARGETED_DEVICE_FAMILY = "1,2";
				TEST_HOST = "$(BUILT_PRODUCTS_DIR)/Parsing-JSON-Using-Bundle.app/Parsing-JSON-Using-Bundle";
			};
			name = Release;
		};
/* End XCBuildConfiguration section */

/* Begin XCConfigurationList section */
		B79CA2A024D8533600BA5158 /* Build configuration list for PBXProject "Parsing-JSON-Using-Bundle" */ = {
			isa = XCConfigurationList;
			buildConfigurations = (
				B79CA2B724D8533B00BA5158 /* Debug */,
				B79CA2B824D8533B00BA5158 /* Release */,
			);
			defaultConfigurationIsVisible = 0;
			defaultConfigurationName = Release;
		};
		B79CA2B924D8533B00BA5158 /* Build configuration list for PBXNativeTarget "Parsing-JSON-Using-Bundle" */ = {
			isa = XCConfigurationList;
			buildConfigurations = (
				B79CA2BA24D8533B00BA5158 /* Debug */,
				B79CA2BB24D8533B00BA5158 /* Release */,
			);
			defaultConfigurationIsVisible = 0;
			defaultConfigurationName = Release;
		};
		B79CA2CB24D8556900BA5158 /* Build configuration list for PBXNativeTarget "Parsing-JSON-Using-BundleTests" */ = {
			isa = XCConfigurationList;
			buildConfigurations = (
				B79CA2CC24D8556900BA5158 /* Debug */,
				B79CA2CD24D8556900BA5158 /* Release */,
			);
			defaultConfigurationIsVisible = 0;
			defaultConfigurationName = Release;
		};
/* End XCConfigurationList section */
	};
	rootObject = B79CA29D24D8533600BA5158 /* Project object */;
}
